
Microsoft Visual Studio Solution File, Format Version 12.00
# Visual Studio 15
VisualStudioVersion = 15.0.27703.2000
MinimumVisualStudioVersion = 10.0.40219.1
Project("{FAE04EC0-301F-11D3-BF4B-00C04F79EFBC}") = "Animal_Kingdom", "Animal_Kingdom\Animal_Kingdom.csproj", "{70B1169F-1D6A-4CF0-B1DB-6D084681E656}"
EndProject
Global
	GlobalSection(SolutionConfigurationPlatforms) = preSolution
		Debug|Any CPU = Debug|Any CPU
		Release|Any CPU = Release|Any CPU
	EndGlobalSection
	GlobalSection(ProjectConfigurationPlatforms) = postSolution
		{70B1169F-1D6A-4CF0-B1DB-6D084681E656}.Debug|Any CPU.ActiveCfg = Debug|Any CPU
		{70B1169F-1D6A-4CF0-B1DB-6D084681E656}.Debug|Any CPU.Build.0 = Debug|Any CPU
		{70B1169F-1D6A-4CF0-B1DB-6D084681E656}.Release|Any CPU.ActiveCfg = Release|Any CPU
		{70B1169F-1D6A-4CF0-B1DB-6D084681E656}.Release|Any CPU.Build.0 = Release|Any CPU
	EndGlobalSection
	GlobalSection(SolutionProperties) = preSolution
		HideSolutionNode = FALSE
	EndGlobalSection
	GlobalSection(ExtensibilityGlobals) = postSolution
		SolutionGuid = {92E87A78-5C10-451E-AC6A-DDC271227ED8}
	EndGlobalSection
EndGlobal
